
Microsoft Visual Studio Solution File, Format Version 12.00
# Visual Studio Version 16
VisualStudioVersion = 16.0.30002.166
MinimumVisualStudioVersion = 10.0.40219.1
Project("{8BC9CEB8-8B4A-11D0-8D11-00A0C91BC942}") = "双目标定1", "双目标定1.vcxproj", "{8A7A1872-F479-4F3D-A057-F6CC8AA20B37}"
EndProject
Global
	GlobalSection(SolutionConfigurationPlatforms) = preSolution
		Debug|x64 = Debug|x64
		Debug|x86 = Debug|x86
		Release|x64 = Release|x64
		Release|x86 = Release|x86
	EndGlobalSection
	GlobalSection(ProjectConfigurationPlatforms) = postSolution
		{8A7A1872-F479-4F3D-A057-F6CC8AA20B37}.Debug|x64.ActiveCfg = Debug|x64
		{8A7A1872-F479-4F3D-A057-F6CC8AA20B37}.Debug|x64.Build.0 = Debug|x64
		{8A7A1872-F479-4F3D-A057-F6CC8AA20B37}.Debug|x86.ActiveCfg = Debug|Win32
		{8A7A1872-F479-4F3D-A057-F6CC8AA20B37}.Debug|x86.Build.0 = Debug|Win32
		{8A7A1872-F479-4F3D-A057-F6CC8AA20B37}.Release|x64.ActiveCfg = Release|x64
		{8A7A1872-F479-4F3D-A057-F6CC8AA20B37}.Release|x64.Build.0 = Release|x64
		{8A7A1872-F479-4F3D-A057-F6CC8AA20B37}.Release|x86.ActiveCfg = Release|Win32
		{8A7A1872-F479-4F3D-A057-F6CC8AA20B37}.Release|x86.Build.0 = Release|Win32
	EndGlobalSection
	GlobalSection(SolutionProperties) = preSolution
		HideSolutionNode = FALSE
	EndGlobalSection
	GlobalSection(ExtensibilityGlobals) = postSolution
		SolutionGuid = {EAD69069-F266-47CA-99B6-555BD37CB006}
	EndGlobalSection
EndGlobal
